
Microsoft Visual Studio Solution File, Format Version 12.00
# Visual Studio Version 17
VisualStudioVersion = 17.1.32407.343
MinimumVisualStudioVersion = 10.0.40219.1
Project("{8BC9CEB8-8B4A-11D0-8D11-00A0C91BC942}") = "ShootingGame", "ShootingGame.vcxproj", "{3576A93D-51B3-40A6-A767-BA77A2CBC227}"
EndProject
Global
	GlobalSection(SolutionConfigurationPlatforms) = preSolution
		Debug|x64 = Debug|x64
		Debug|x86 = Debug|x86
		Release|x64 = Release|x64
		Release|x86 = Release|x86
	EndGlobalSection
	GlobalSection(ProjectConfigurationPlatforms) = postSolution
		{3576A93D-51B3-40A6-A767-BA77A2CBC227}.Debug|x64.ActiveCfg = Debug|x64
		{3576A93D-51B3-40A6-A767-BA77A2CBC227}.Debug|x64.Build.0 = Debug|x64
		{3576A93D-51B3-40A6-A767-BA77A2CBC227}.Debug|x86.ActiveCfg = Debug|Win32
		{3576A93D-51B3-40A6-A767-BA77A2CBC227}.Debug|x86.Build.0 = Debug|Win32
		{3576A93D-51B3-40A6-A767-BA77A2CBC227}.Release|x64.ActiveCfg = Release|x64
		{3576A93D-51B3-40A6-A767-BA77A2CBC227}.Release|x64.Build.0 = Release|x64
		{3576A93D-51B3-40A6-A767-BA77A2CBC227}.Release|x86.ActiveCfg = Release|Win32
		{3576A93D-51B3-40A6-A767-BA77A2CBC227}.Release|x86.Build.0 = Release|Win32
	EndGlobalSection
	GlobalSection(SolutionProperties) = preSolution
		HideSolutionNode = FALSE
	EndGlobalSection
	GlobalSection(ExtensibilityGlobals) = postSolution
		SolutionGuid = {BDAE4A2C-6DBE-43BC-B323-0639BAAA921C}
	EndGlobalSection
EndGlobal
